# This is a Gradle generated file for dependency locking.
# Manual edits can break the build and are not advised.
# This file is expected to be part of source control.
ch.qos.logback:logback-classic:1.2.11=productionRuntimeClasspath,runtimeClasspath,testRuntimeClasspath
ch.qos.logback:logback-core:1.2.11=productionRuntimeClasspath,runtimeClasspath,testRuntimeClasspath
co.touchlab:stately-common:1.2.2=implementationDependenciesMetadata,testImplementationDependenciesMetadata
co.touchlab:stately-concurrency:1.2.2=implementationDependenciesMetadata,testImplementationDependenciesMetadata
com.apollographql.federation:federation-graphql-java-support-api:2.0.0=productionRuntimeClasspath
com.apollographql.federation:federation-graphql-java-support:2.0.0=productionRuntimeClasspath
com.electronwill.night-config:core:3.6.6=runtimeClasspath,testRuntimeClasspath
com.electronwill.night-config:toml:3.6.6=runtimeClasspath,testRuntimeClasspath
com.fasterxml.jackson.core:jackson-annotations:2.13.4=productionRuntimeClasspath
com.fasterxml.jackson.core:jackson-core:2.13.4=productionRuntimeClasspath
com.fasterxml.jackson.core:jackson-databind:2.13.4=productionRuntimeClasspath
com.fasterxml.jackson.datatype:jackson-datatype-jdk8:2.13.4=productionRuntimeClasspath
com.fasterxml.jackson.datatype:jackson-datatype-jsr310:2.13.4=productionRuntimeClasspath
com.fasterxml.jackson.module:jackson-module-kotlin:2.13.4=productionRuntimeClasspath
com.fasterxml.jackson.module:jackson-module-parameter-names:2.13.4=productionRuntimeClasspath
com.fasterxml.jackson:jackson-bom:2.13.4=productionRuntimeClasspath
com.github.guepardoapps:kulid:2.0.0.0=productionRuntimeClasspath,runtimeClasspath,testRuntimeClasspath
com.github.mifmif:generex:1.0.2=productionRuntimeClasspath
com.google.protobuf:protobuf-java:3.19.4=productionRuntimeClasspath,runtimeClasspath,testRuntimeClasspath
com.graphql-java:graphql-java:18.3=productionRuntimeClasspath
com.graphql-java:java-dataloader:3.1.2=productionRuntimeClasspath
com.jayway.jsonpath:json-path:2.7.0=productionRuntimeClasspath
com.netflix.graphql.dgs.codegen:graphql-dgs-codegen-shared-core:5.4.0=productionRuntimeClasspath
com.netflix.graphql.dgs:graphql-dgs-client:5.3.0=productionRuntimeClasspath
com.netflix.graphql.dgs:graphql-dgs-mocking:5.3.0=productionRuntimeClasspath
com.netflix.graphql.dgs:graphql-dgs-platform-dependencies:5.3.0=productionRuntimeClasspath
com.netflix.graphql.dgs:graphql-dgs-platform:5.3.0=productionRuntimeClasspath
com.netflix.graphql.dgs:graphql-dgs-spring-boot-oss-autoconfigure:5.3.0=productionRuntimeClasspath
com.netflix.graphql.dgs:graphql-dgs-spring-boot-starter:5.3.0=productionRuntimeClasspath
com.netflix.graphql.dgs:graphql-dgs-spring-webmvc-autoconfigure:5.3.0=productionRuntimeClasspath
com.netflix.graphql.dgs:graphql-dgs-spring-webmvc:5.3.0=productionRuntimeClasspath
com.netflix.graphql.dgs:graphql-dgs-subscription-types:5.3.0=productionRuntimeClasspath
com.netflix.graphql.dgs:graphql-dgs:5.3.0=productionRuntimeClasspath
com.netflix.graphql.dgs:graphql-error-types:5.3.0=productionRuntimeClasspath
com.zaxxer:HikariCP:4.0.3=productionRuntimeClasspath,runtimeClasspath,testRuntimeClasspath
dk.brics.automaton:automaton:1.11-8=productionRuntimeClasspath
io.insert-koin:koin-core-jvm:3.2.2=compileClasspath,productionRuntimeClasspath,runtimeClasspath,testCompileClasspath,testRuntimeClasspath
io.insert-koin:koin-core:3.2.2=compileClasspath,implementationDependenciesMetadata,productionRuntimeClasspath,runtimeClasspath,testCompileClasspath,testImplementationDependenciesMetadata,testRuntimeClasspath
io.projectreactor:reactor-core:3.4.23=productionRuntimeClasspath
jakarta.annotation:jakarta.annotation-api:1.3.5=productionRuntimeClasspath,runtimeClasspath,testRuntimeClasspath
jakarta.servlet:jakarta.servlet-api:4.0.4=productionRuntimeClasspath
mysql:mysql-connector-java:8.0.30=productionRuntimeClasspath,runtimeClasspath,testRuntimeClasspath
net.datafaker:datafaker:1.4.0=productionRuntimeClasspath
net.java.dev.jna:jna:5.6.0=kotlinCompilerClasspath,kotlinKlibCommonizerClasspath
net.minidev:accessors-smart:2.4.8=productionRuntimeClasspath
net.minidev:json-smart:2.4.8=productionRuntimeClasspath
org.antlr:antlr4-runtime:4.9.3=productionRuntimeClasspath
org.apache.commons:commons-lang3:3.12.0=productionRuntimeClasspath
org.apache.logging.log4j:log4j-api:2.17.2=productionRuntimeClasspath,runtimeClasspath,testRuntimeClasspath
org.apache.logging.log4j:log4j-to-slf4j:2.17.2=productionRuntimeClasspath,runtimeClasspath,testRuntimeClasspath
org.apache.tomcat.embed:tomcat-embed-core:9.0.65=productionRuntimeClasspath
org.apache.tomcat.embed:tomcat-embed-el:9.0.65=productionRuntimeClasspath
org.apache.tomcat.embed:tomcat-embed-websocket:9.0.65=productionRuntimeClasspath
org.flywaydb:flyway-core:8.5.13=productionRuntimeClasspath
org.flywaydb:flyway-core:9.5.1=runtimeClasspath,testRuntimeClasspath
org.flywaydb:flyway-mysql:8.5.13=productionRuntimeClasspath
org.flywaydb:flyway-mysql:9.5.1=runtimeClasspath,testRuntimeClasspath
org.jetbrains.exposed:exposed-core:0.40.1=productionRuntimeClasspath,runtimeClasspath,testRuntimeClasspath
org.jetbrains.exposed:exposed-dao:0.40.1=productionRuntimeClasspath,runtimeClasspath,testRuntimeClasspath
org.jetbrains.exposed:exposed-jdbc:0.40.1=productionRuntimeClasspath,runtimeClasspath,testRuntimeClasspath
org.jetbrains.exposed:exposed-spring-boot-starter:0.40.1=productionRuntimeClasspath,runtimeClasspath,testRuntimeClasspath
org.jetbrains.exposed:spring-transaction:0.40.1=productionRuntimeClasspath,runtimeClasspath,testRuntimeClasspath
org.jetbrains.intellij.deps:trove4j:1.0.20200330=kotlinCompilerClasspath,kotlinKlibCommonizerClasspath
org.jetbrains.kotlin:kotlin-compiler-embeddable:1.7.20=kotlinCompilerClasspath,kotlinKlibCommonizerClasspath
org.jetbrains.kotlin:kotlin-daemon-embeddable:1.7.20=kotlinCompilerClasspath,kotlinKlibCommonizerClasspath
org.jetbrains.kotlin:kotlin-klib-commonizer-embeddable:1.7.20=kotlinKlibCommonizerClasspath
org.jetbrains.kotlin:kotlin-reflect:1.7.20=compileClasspath,implementationDependenciesMetadata,kotlinCompilerClasspath,kotlinKlibCommonizerClasspath,productionRuntimeClasspath,runtimeClasspath,testCompileClasspath,testImplementationDependenciesMetadata,testRuntimeClasspath
org.jetbrains.kotlin:kotlin-script-runtime:1.7.20=kotlinCompilerClasspath,kotlinCompilerPluginClasspathMain,kotlinCompilerPluginClasspathTest,kotlinKlibCommonizerClasspath
org.jetbrains.kotlin:kotlin-scripting-common:1.7.20=kotlinCompilerPluginClasspathMain,kotlinCompilerPluginClasspathTest
org.jetbrains.kotlin:kotlin-scripting-compiler-embeddable:1.7.20=kotlinCompilerPluginClasspathMain,kotlinCompilerPluginClasspathTest
org.jetbrains.kotlin:kotlin-scripting-compiler-impl-embeddable:1.7.20=kotlinCompilerPluginClasspathMain,kotlinCompilerPluginClasspathTest
org.jetbrains.kotlin:kotlin-scripting-jvm:1.7.20=kotlinCompilerPluginClasspathMain,kotlinCompilerPluginClasspathTest
org.jetbrains.kotlin:kotlin-stdlib-common:1.7.20=compileClasspath,implementationDependenciesMetadata,kotlinCompilerClasspath,kotlinCompilerPluginClasspathMain,kotlinCompilerPluginClasspathTest,kotlinKlibCommonizerClasspath,productionRuntimeClasspath,runtimeClasspath,testCompileClasspath,testImplementationDependenciesMetadata,testRuntimeClasspath
org.jetbrains.kotlin:kotlin-stdlib-jdk7:1.7.20=compileClasspath,implementationDependenciesMetadata,productionRuntimeClasspath,runtimeClasspath,testCompileClasspath,testImplementationDependenciesMetadata,testRuntimeClasspath
org.jetbrains.kotlin:kotlin-stdlib-jdk8:1.7.20=compileClasspath,implementationDependenciesMetadata,productionRuntimeClasspath,runtimeClasspath,testCompileClasspath,testImplementationDependenciesMetadata,testRuntimeClasspath
org.jetbrains.kotlin:kotlin-stdlib:1.7.20=compileClasspath,implementationDependenciesMetadata,kotlinCompilerClasspath,kotlinCompilerPluginClasspathMain,kotlinCompilerPluginClasspathTest,kotlinKlibCommonizerClasspath,productionRuntimeClasspath,runtimeClasspath,testCompileClasspath,testImplementationDependenciesMetadata,testRuntimeClasspath
org.jetbrains.kotlinx:kotlinx-coroutines-bom:1.6.4=productionRuntimeClasspath,runtimeClasspath,testRuntimeClasspath
org.jetbrains.kotlinx:kotlinx-coroutines-core-jvm:1.6.4=productionRuntimeClasspath,runtimeClasspath,testRuntimeClasspath
org.jetbrains.kotlinx:kotlinx-coroutines-core:1.6.4=productionRuntimeClasspath,runtimeClasspath,testRuntimeClasspath
org.jetbrains.kotlinx:kotlinx-coroutines-jdk8:1.6.4=productionRuntimeClasspath
org.jetbrains.kotlinx:kotlinx-coroutines-reactive:1.6.4=productionRuntimeClasspath
org.jetbrains.kotlinx:kotlinx-coroutines-reactor:1.6.4=productionRuntimeClasspath
org.jetbrains:annotations:13.0=compileClasspath,implementationDependenciesMetadata,kotlinCompilerClasspath,kotlinCompilerPluginClasspathMain,kotlinCompilerPluginClasspathTest,kotlinKlibCommonizerClasspath,productionRuntimeClasspath,runtimeClasspath,testCompileClasspath,testImplementationDependenciesMetadata,testRuntimeClasspath
org.ow2.asm:asm:9.1=productionRuntimeClasspath
org.reactivestreams:reactive-streams:1.0.4=productionRuntimeClasspath
org.slf4j:jul-to-slf4j:1.7.36=productionRuntimeClasspath,runtimeClasspath,testRuntimeClasspath
org.slf4j:slf4j-api:1.7.36=productionRuntimeClasspath,runtimeClasspath,testRuntimeClasspath
org.springframework.boot:spring-boot-autoconfigure:2.7.2=runtimeClasspath,testRuntimeClasspath
org.springframework.boot:spring-boot-autoconfigure:2.7.4=productionRuntimeClasspath
org.springframework.boot:spring-boot-starter-data-jdbc:2.7.2=runtimeClasspath,testRuntimeClasspath
org.springframework.boot:spring-boot-starter-data-jdbc:2.7.4=productionRuntimeClasspath
org.springframework.boot:spring-boot-starter-jdbc:2.7.2=runtimeClasspath,testRuntimeClasspath
org.springframework.boot:spring-boot-starter-jdbc:2.7.4=productionRuntimeClasspath
org.springframework.boot:spring-boot-starter-json:2.7.4=productionRuntimeClasspath
org.springframework.boot:spring-boot-starter-logging:2.7.2=runtimeClasspath,testRuntimeClasspath
org.springframework.boot:spring-boot-starter-logging:2.7.4=productionRuntimeClasspath
org.springframework.boot:spring-boot-starter-tomcat:2.7.4=productionRuntimeClasspath
org.springframework.boot:spring-boot-starter-web:2.7.4=productionRuntimeClasspath
org.springframework.boot:spring-boot-starter-websocket:2.7.4=productionRuntimeClasspath
org.springframework.boot:spring-boot-starter:2.7.2=runtimeClasspath,testRuntimeClasspath
org.springframework.boot:spring-boot-starter:2.7.4=productionRuntimeClasspath
org.springframework.boot:spring-boot:2.7.2=runtimeClasspath,testRuntimeClasspath
org.springframework.boot:spring-boot:2.7.4=productionRuntimeClasspath
org.springframework.data:spring-data-commons:2.7.2=runtimeClasspath,testRuntimeClasspath
org.springframework.data:spring-data-commons:2.7.3=productionRuntimeClasspath
org.springframework.data:spring-data-jdbc:2.4.2=runtimeClasspath,testRuntimeClasspath
org.springframework.data:spring-data-jdbc:2.4.3=productionRuntimeClasspath
org.springframework.data:spring-data-relational:2.4.2=runtimeClasspath,testRuntimeClasspath
org.springframework.data:spring-data-relational:2.4.3=productionRuntimeClasspath
org.springframework:spring-aop:5.3.22=runtimeClasspath,testRuntimeClasspath
org.springframework:spring-aop:5.3.23=productionRuntimeClasspath
org.springframework:spring-beans:5.3.22=runtimeClasspath,testRuntimeClasspath
org.springframework:spring-beans:5.3.23=productionRuntimeClasspath
org.springframework:spring-context:5.3.22=runtimeClasspath,testRuntimeClasspath
org.springframework:spring-context:5.3.23=productionRuntimeClasspath
org.springframework:spring-core:5.3.22=runtimeClasspath,testRuntimeClasspath
org.springframework:spring-core:5.3.23=productionRuntimeClasspath
org.springframework:spring-expression:5.3.22=runtimeClasspath,testRuntimeClasspath
org.springframework:spring-expression:5.3.23=productionRuntimeClasspath
org.springframework:spring-jcl:5.3.22=runtimeClasspath,testRuntimeClasspath
org.springframework:spring-jcl:5.3.23=productionRuntimeClasspath
org.springframework:spring-jdbc:5.3.22=runtimeClasspath,testRuntimeClasspath
org.springframework:spring-jdbc:5.3.23=productionRuntimeClasspath
org.springframework:spring-messaging:5.3.23=productionRuntimeClasspath
org.springframework:spring-tx:5.3.22=runtimeClasspath,testRuntimeClasspath
org.springframework:spring-tx:5.3.23=productionRuntimeClasspath
org.springframework:spring-web:5.3.23=productionRuntimeClasspath
org.springframework:spring-webflux:5.3.23=productionRuntimeClasspath
org.springframework:spring-webmvc:5.3.23=productionRuntimeClasspath
org.springframework:spring-websocket:5.3.23=productionRuntimeClasspath
org.yaml:snakeyaml:1.30=productionRuntimeClasspath,runtimeClasspath,testRuntimeClasspath
empty=annotationProcessor,apiDependenciesMetadata,compileOnlyDependenciesMetadata,developmentOnly,dgsCodegen,intransitiveDependenciesMetadata,kotlinCompilerPluginClasspath,kotlinNativeCompilerPluginClasspath,kotlinScriptDef,kotlinScriptDefExtensions,runtimeOnlyDependenciesMetadata,testAnnotationProcessor,testApiDependenciesMetadata,testCompileOnlyDependenciesMetadata,testIntransitiveDependenciesMetadata,testKotlinScriptDef,testKotlinScriptDefExtensions,testRuntimeOnlyDependenciesMetadata
